
Microsoft Visual Studio Solution File, Format Version 12.00
# Visual Studio Version 16
VisualStudioVersion = 16.0.30621.155
MinimumVisualStudioVersion = 10.0.40219.1
Project("{FAE04EC0-301F-11D3-BF4B-00C04F79EFBC}") = "FacadeFELogic", "FacadeFELogic\FacadeFELogic.csproj", "{8777E0B1-1F0D-485B-B5AC-0DB1BCBF30D9}"
EndProject
Project("{FAE04EC0-301F-11D3-BF4B-00C04F79EFBC}") = "FacadeFE", "FacadeFE\FacadeFE.csproj", "{0BCE8C3F-F111-4630-9D0E-BE9064A344EB}"
EndProject
Global
	GlobalSection(SolutionConfigurationPlatforms) = preSolution
		Debug|Any CPU = Debug|Any CPU
		Release|Any CPU = Release|Any CPU
	EndGlobalSection
	GlobalSection(ProjectConfigurationPlatforms) = postSolution
		{8777E0B1-1F0D-485B-B5AC-0DB1BCBF30D9}.Debug|Any CPU.ActiveCfg = Debug|Any CPU
		{8777E0B1-1F0D-485B-B5AC-0DB1BCBF30D9}.Debug|Any CPU.Build.0 = Debug|Any CPU
		{8777E0B1-1F0D-485B-B5AC-0DB1BCBF30D9}.Release|Any CPU.ActiveCfg = Release|Any CPU
		{8777E0B1-1F0D-485B-B5AC-0DB1BCBF30D9}.Release|Any CPU.Build.0 = Release|Any CPU
		{0BCE8C3F-F111-4630-9D0E-BE9064A344EB}.Debug|Any CPU.ActiveCfg = Debug|Any CPU
		{0BCE8C3F-F111-4630-9D0E-BE9064A344EB}.Debug|Any CPU.Build.0 = Debug|Any CPU
		{0BCE8C3F-F111-4630-9D0E-BE9064A344EB}.Release|Any CPU.ActiveCfg = Release|Any CPU
		{0BCE8C3F-F111-4630-9D0E-BE9064A344EB}.Release|Any CPU.Build.0 = Release|Any CPU
	EndGlobalSection
	GlobalSection(SolutionProperties) = preSolution
		HideSolutionNode = FALSE
	EndGlobalSection
	GlobalSection(ExtensibilityGlobals) = postSolution
		SolutionGuid = {0939B845-8A9A-4713-A3D3-79720AEDBE80}
	EndGlobalSection
EndGlobal
